
Microsoft Visual Studio Solution File, Format Version 12.00
# Visual Studio Version 16
VisualStudioVersion = 16.0.31205.134
MinimumVisualStudioVersion = 10.0.40219.1
Project("{FAE04EC0-301F-11D3-BF4B-00C04F79EFBC}") = "Task1", "Task1\Task1.csproj", "{920F89E4-783F-46D6-A4F6-74A783DA1431}"
EndProject
Project("{FAE04EC0-301F-11D3-BF4B-00C04F79EFBC}") = "Task2", "Task2\Task2.csproj", "{B2784183-F94D-4F59-849C-9CD1099F9295}"
EndProject
Project("{FAE04EC0-301F-11D3-BF4B-00C04F79EFBC}") = "Task3", "Task3\Task3.csproj", "{79E60AC7-7315-4F4A-9C7A-34F5E01959C1}"
EndProject
Global
	GlobalSection(SolutionConfigurationPlatforms) = preSolution
		Debug|Any CPU = Debug|Any CPU
		Release|Any CPU = Release|Any CPU
	EndGlobalSection
	GlobalSection(ProjectConfigurationPlatforms) = postSolution
		{920F89E4-783F-46D6-A4F6-74A783DA1431}.Debug|Any CPU.ActiveCfg = Debug|Any CPU
		{920F89E4-783F-46D6-A4F6-74A783DA1431}.Debug|Any CPU.Build.0 = Debug|Any CPU
		{920F89E4-783F-46D6-A4F6-74A783DA1431}.Release|Any CPU.ActiveCfg = Release|Any CPU
		{920F89E4-783F-46D6-A4F6-74A783DA1431}.Release|Any CPU.Build.0 = Release|Any CPU
		{B2784183-F94D-4F59-849C-9CD1099F9295}.Debug|Any CPU.ActiveCfg = Debug|Any CPU
		{B2784183-F94D-4F59-849C-9CD1099F9295}.Debug|Any CPU.Build.0 = Debug|Any CPU
		{B2784183-F94D-4F59-849C-9CD1099F9295}.Release|Any CPU.ActiveCfg = Release|Any CPU
		{B2784183-F94D-4F59-849C-9CD1099F9295}.Release|Any CPU.Build.0 = Release|Any CPU
		{79E60AC7-7315-4F4A-9C7A-34F5E01959C1}.Debug|Any CPU.ActiveCfg = Debug|Any CPU
		{79E60AC7-7315-4F4A-9C7A-34F5E01959C1}.Debug|Any CPU.Build.0 = Debug|Any CPU
		{79E60AC7-7315-4F4A-9C7A-34F5E01959C1}.Release|Any CPU.ActiveCfg = Release|Any CPU
		{79E60AC7-7315-4F4A-9C7A-34F5E01959C1}.Release|Any CPU.Build.0 = Release|Any CPU
	EndGlobalSection
	GlobalSection(SolutionProperties) = preSolution
		HideSolutionNode = FALSE
	EndGlobalSection
	GlobalSection(ExtensibilityGlobals) = postSolution
		SolutionGuid = {21C57EEE-4097-4BE6-B948-B47E26C42D33}
	EndGlobalSection
EndGlobal
