
Microsoft Visual Studio Solution File, Format Version 12.00
# Visual Studio Version 16
VisualStudioVersion = 16.0.31205.134
MinimumVisualStudioVersion = 10.0.40219.1
Project("{FAE04EC0-301F-11D3-BF4B-00C04F79EFBC}") = "Task1", "Task1\Task1.csproj", "{38DE2D10-85E9-4908-A2DE-97D7B8E4FFD7}"
EndProject
Project("{FAE04EC0-301F-11D3-BF4B-00C04F79EFBC}") = "Task2", "Task2\Task2.csproj", "{AD11D575-2807-475F-BC47-19B339F95E73}"
EndProject
Project("{FAE04EC0-301F-11D3-BF4B-00C04F79EFBC}") = "Task3", "Task3\Task3.csproj", "{5345836E-F205-4B8E-99DD-8B5F4225A799}"
EndProject
Global
	GlobalSection(SolutionConfigurationPlatforms) = preSolution
		Debug|Any CPU = Debug|Any CPU
		Release|Any CPU = Release|Any CPU
	EndGlobalSection
	GlobalSection(ProjectConfigurationPlatforms) = postSolution
		{38DE2D10-85E9-4908-A2DE-97D7B8E4FFD7}.Debug|Any CPU.ActiveCfg = Debug|Any CPU
		{38DE2D10-85E9-4908-A2DE-97D7B8E4FFD7}.Debug|Any CPU.Build.0 = Debug|Any CPU
		{38DE2D10-85E9-4908-A2DE-97D7B8E4FFD7}.Release|Any CPU.ActiveCfg = Release|Any CPU
		{38DE2D10-85E9-4908-A2DE-97D7B8E4FFD7}.Release|Any CPU.Build.0 = Release|Any CPU
		{AD11D575-2807-475F-BC47-19B339F95E73}.Debug|Any CPU.ActiveCfg = Debug|Any CPU
		{AD11D575-2807-475F-BC47-19B339F95E73}.Debug|Any CPU.Build.0 = Debug|Any CPU
		{AD11D575-2807-475F-BC47-19B339F95E73}.Release|Any CPU.ActiveCfg = Release|Any CPU
		{AD11D575-2807-475F-BC47-19B339F95E73}.Release|Any CPU.Build.0 = Release|Any CPU
		{5345836E-F205-4B8E-99DD-8B5F4225A799}.Debug|Any CPU.ActiveCfg = Debug|Any CPU
		{5345836E-F205-4B8E-99DD-8B5F4225A799}.Debug|Any CPU.Build.0 = Debug|Any CPU
		{5345836E-F205-4B8E-99DD-8B5F4225A799}.Release|Any CPU.ActiveCfg = Release|Any CPU
		{5345836E-F205-4B8E-99DD-8B5F4225A799}.Release|Any CPU.Build.0 = Release|Any CPU
	EndGlobalSection
	GlobalSection(SolutionProperties) = preSolution
		HideSolutionNode = FALSE
	EndGlobalSection
	GlobalSection(ExtensibilityGlobals) = postSolution
		SolutionGuid = {CB75443D-2184-4443-AE88-C7FAD27F17DB}
	EndGlobalSection
EndGlobal
