
Microsoft Visual Studio Solution File, Format Version 12.00
# Visual Studio Version 16
VisualStudioVersion = 16.0.31205.134
MinimumVisualStudioVersion = 10.0.40219.1
Project("{FAE04EC0-301F-11D3-BF4B-00C04F79EFBC}") = "Task1", "ConsoleApp1\Task1.csproj", "{888E0050-95FC-4AA2-AE6B-3CA7CB9539EA}"
EndProject
Project("{FAE04EC0-301F-11D3-BF4B-00C04F79EFBC}") = "Task2", "..\HomeWork3\Task2\Task2.csproj", "{AD11D575-2807-475F-BC47-19B339F95E73}"
EndProject
Global
	GlobalSection(SolutionConfigurationPlatforms) = preSolution
		Debug|Any CPU = Debug|Any CPU
		Release|Any CPU = Release|Any CPU
	EndGlobalSection
	GlobalSection(ProjectConfigurationPlatforms) = postSolution
		{888E0050-95FC-4AA2-AE6B-3CA7CB9539EA}.Debug|Any CPU.ActiveCfg = Debug|Any CPU
		{888E0050-95FC-4AA2-AE6B-3CA7CB9539EA}.Debug|Any CPU.Build.0 = Debug|Any CPU
		{888E0050-95FC-4AA2-AE6B-3CA7CB9539EA}.Release|Any CPU.ActiveCfg = Release|Any CPU
		{888E0050-95FC-4AA2-AE6B-3CA7CB9539EA}.Release|Any CPU.Build.0 = Release|Any CPU
		{AD11D575-2807-475F-BC47-19B339F95E73}.Debug|Any CPU.ActiveCfg = Debug|Any CPU
		{AD11D575-2807-475F-BC47-19B339F95E73}.Debug|Any CPU.Build.0 = Debug|Any CPU
		{AD11D575-2807-475F-BC47-19B339F95E73}.Release|Any CPU.ActiveCfg = Release|Any CPU
		{AD11D575-2807-475F-BC47-19B339F95E73}.Release|Any CPU.Build.0 = Release|Any CPU
	EndGlobalSection
	GlobalSection(SolutionProperties) = preSolution
		HideSolutionNode = FALSE
	EndGlobalSection
	GlobalSection(ExtensibilityGlobals) = postSolution
		SolutionGuid = {0F4DD9DD-5E57-4D30-8EB6-260795CF98BD}
	EndGlobalSection
EndGlobal
